
Microsoft Visual Studio Solution File, Format Version 12.00
# Visual Studio Version 16
VisualStudioVersion = 16.0.30204.135
MinimumVisualStudioVersion = 10.0.40219.1
Project("{9A19103F-16F7-4668-BE54-9A1E7A4F7556}") = "Carter.Cache", "src\Carter.Cache\Carter.Cache.csproj", "{E5F9029A-8C6A-49D1-803D-050387ACAF13}"
EndProject
Project("{2150E333-8FDC-42A3-9474-1A3956D46DE8}") = ".SolutionItems", ".SolutionItems", "{A32770F0-77A8-4500-846D-346ED62732CE}"
	ProjectSection(SolutionItems) = preProject
		.editorconfig = .editorconfig
		.gitignore = .gitignore
		codecov.yml = codecov.yml
		src\Directory.Build.props = src\Directory.Build.props
		LICENSE = LICENSE
		README.md = README.md
	EndProjectSection
EndProject
Project("{2150E333-8FDC-42A3-9474-1A3956D46DE8}") = "src", "src", "{069F24F1-932B-4285-A211-77DE71A28988}"
EndProject
Project("{2150E333-8FDC-42A3-9474-1A3956D46DE8}") = "tests", "tests", "{E65CADC8-48D7-49F0-BE62-CBA6C70079D8}"
EndProject
Project("{2150E333-8FDC-42A3-9474-1A3956D46DE8}") = "samples", "samples", "{3006122C-A413-40BE-BA08-49CE24392313}"
EndProject
Project("{9A19103F-16F7-4668-BE54-9A1E7A4F7556}") = "Sample.Carter.Cache.Application", "samples\Sample.Carter.Cache.Application\Sample.Carter.Cache.Application.csproj", "{02A8D615-F747-4E2B-B80C-9078E664B01C}"
EndProject
Project("{2150E333-8FDC-42A3-9474-1A3956D46DE8}") = ".github", ".github", "{22BF799C-B98C-40FC-A701-92B892E0A332}"
	ProjectSection(SolutionItems) = preProject
		.github\Contributing.md = .github\Contributing.md
		.github\Pull_request_template.md = .github\Pull_request_template.md
		.github\stale.yml = .github\stale.yml
	EndProjectSection
EndProject
Project("{2150E333-8FDC-42A3-9474-1A3956D46DE8}") = "issue_template", "issue_template", "{1AE46B00-A4AA-4240-BDEC-019B2E074D17}"
	ProjectSection(SolutionItems) = preProject
		.github\issue_template\Bug_report.md = .github\issue_template\Bug_report.md
		.github\issue_template\Feature_request.md = .github\issue_template\Feature_request.md
		.github\issue_template\Support.md = .github\issue_template\Support.md
	EndProjectSection
EndProject
Project("{9A19103F-16F7-4668-BE54-9A1E7A4F7556}") = "Carter.Cache.Tests", "tests\Carter.Cache.Tests\Carter.Cache.Tests.csproj", "{5CEE5B34-8FEE-44AD-A562-D8171365CCF7}"
EndProject
Project("{2150E333-8FDC-42A3-9474-1A3956D46DE8}") = "workflows", "workflows", "{0DBDB871-F2E7-4998-8AC5-C6A689E6723A}"
	ProjectSection(SolutionItems) = preProject
		.github\workflows\ci.yml = .github\workflows\ci.yml
	EndProjectSection
EndProject
Project("{9A19103F-16F7-4668-BE54-9A1E7A4F7556}") = "Carter.Cache.Memcached", "src\Carter.Cache.Memcached\Carter.Cache.Memcached.csproj", "{AB1B90C9-FA9C-4199-97AE-1EDA82445A3B}"
EndProject
Project("{9A19103F-16F7-4668-BE54-9A1E7A4F7556}") = "Sample.Carter.Cache.Memcached.Application", "samples\Sample.Carter.Cache.Memcached.Application\Sample.Carter.Cache.Memcached.Application.csproj", "{33BDD428-9420-4AE0-8553-4272FCAB8CD8}"
EndProject
Project("{9A19103F-16F7-4668-BE54-9A1E7A4F7556}") = "Carter.Cache.Sample.Tests", "tests\Carter.Cache.Sample.Tests\Carter.Cache.Sample.Tests.csproj", "{A03CCB1A-944C-4D7A-BA1A-E1DAF48837ED}"
EndProject
Project("{9A19103F-16F7-4668-BE54-9A1E7A4F7556}") = "Carter.Cache.Sample.Memcached.Tests", "tests\Carter.Cache.Sample.Memcached.Tests\Carter.Cache.Sample.Memcached.Tests.csproj", "{BE592EC7-B97C-43F8-A903-52DB12890903}"
EndProject
Global
	GlobalSection(SolutionConfigurationPlatforms) = preSolution
		Debug|Any CPU = Debug|Any CPU
		Release|Any CPU = Release|Any CPU
	EndGlobalSection
	GlobalSection(ProjectConfigurationPlatforms) = postSolution
		{E5F9029A-8C6A-49D1-803D-050387ACAF13}.Debug|Any CPU.ActiveCfg = Debug|Any CPU
		{E5F9029A-8C6A-49D1-803D-050387ACAF13}.Debug|Any CPU.Build.0 = Debug|Any CPU
		{E5F9029A-8C6A-49D1-803D-050387ACAF13}.Release|Any CPU.ActiveCfg = Release|Any CPU
		{E5F9029A-8C6A-49D1-803D-050387ACAF13}.Release|Any CPU.Build.0 = Release|Any CPU
		{02A8D615-F747-4E2B-B80C-9078E664B01C}.Debug|Any CPU.ActiveCfg = Debug|Any CPU
		{02A8D615-F747-4E2B-B80C-9078E664B01C}.Debug|Any CPU.Build.0 = Debug|Any CPU
		{02A8D615-F747-4E2B-B80C-9078E664B01C}.Release|Any CPU.ActiveCfg = Release|Any CPU
		{02A8D615-F747-4E2B-B80C-9078E664B01C}.Release|Any CPU.Build.0 = Release|Any CPU
		{5CEE5B34-8FEE-44AD-A562-D8171365CCF7}.Debug|Any CPU.ActiveCfg = Debug|Any CPU
		{5CEE5B34-8FEE-44AD-A562-D8171365CCF7}.Debug|Any CPU.Build.0 = Debug|Any CPU
		{5CEE5B34-8FEE-44AD-A562-D8171365CCF7}.Release|Any CPU.ActiveCfg = Release|Any CPU
		{5CEE5B34-8FEE-44AD-A562-D8171365CCF7}.Release|Any CPU.Build.0 = Release|Any CPU
		{AB1B90C9-FA9C-4199-97AE-1EDA82445A3B}.Debug|Any CPU.ActiveCfg = Debug|Any CPU
		{AB1B90C9-FA9C-4199-97AE-1EDA82445A3B}.Debug|Any CPU.Build.0 = Debug|Any CPU
		{AB1B90C9-FA9C-4199-97AE-1EDA82445A3B}.Release|Any CPU.ActiveCfg = Release|Any CPU
		{AB1B90C9-FA9C-4199-97AE-1EDA82445A3B}.Release|Any CPU.Build.0 = Release|Any CPU
		{33BDD428-9420-4AE0-8553-4272FCAB8CD8}.Debug|Any CPU.ActiveCfg = Debug|Any CPU
		{33BDD428-9420-4AE0-8553-4272FCAB8CD8}.Debug|Any CPU.Build.0 = Debug|Any CPU
		{33BDD428-9420-4AE0-8553-4272FCAB8CD8}.Release|Any CPU.ActiveCfg = Release|Any CPU
		{33BDD428-9420-4AE0-8553-4272FCAB8CD8}.Release|Any CPU.Build.0 = Release|Any CPU
		{A03CCB1A-944C-4D7A-BA1A-E1DAF48837ED}.Debug|Any CPU.ActiveCfg = Debug|Any CPU
		{A03CCB1A-944C-4D7A-BA1A-E1DAF48837ED}.Debug|Any CPU.Build.0 = Debug|Any CPU
		{A03CCB1A-944C-4D7A-BA1A-E1DAF48837ED}.Release|Any CPU.ActiveCfg = Release|Any CPU
		{A03CCB1A-944C-4D7A-BA1A-E1DAF48837ED}.Release|Any CPU.Build.0 = Release|Any CPU
		{BE592EC7-B97C-43F8-A903-52DB12890903}.Debug|Any CPU.ActiveCfg = Debug|Any CPU
		{BE592EC7-B97C-43F8-A903-52DB12890903}.Debug|Any CPU.Build.0 = Debug|Any CPU
		{BE592EC7-B97C-43F8-A903-52DB12890903}.Release|Any CPU.ActiveCfg = Release|Any CPU
		{BE592EC7-B97C-43F8-A903-52DB12890903}.Release|Any CPU.Build.0 = Release|Any CPU
	EndGlobalSection
	GlobalSection(SolutionProperties) = preSolution
		HideSolutionNode = FALSE
	EndGlobalSection
	GlobalSection(NestedProjects) = preSolution
		{E5F9029A-8C6A-49D1-803D-050387ACAF13} = {069F24F1-932B-4285-A211-77DE71A28988}
		{02A8D615-F747-4E2B-B80C-9078E664B01C} = {3006122C-A413-40BE-BA08-49CE24392313}
		{22BF799C-B98C-40FC-A701-92B892E0A332} = {A32770F0-77A8-4500-846D-346ED62732CE}
		{1AE46B00-A4AA-4240-BDEC-019B2E074D17} = {22BF799C-B98C-40FC-A701-92B892E0A332}
		{5CEE5B34-8FEE-44AD-A562-D8171365CCF7} = {E65CADC8-48D7-49F0-BE62-CBA6C70079D8}
		{0DBDB871-F2E7-4998-8AC5-C6A689E6723A} = {22BF799C-B98C-40FC-A701-92B892E0A332}
		{AB1B90C9-FA9C-4199-97AE-1EDA82445A3B} = {069F24F1-932B-4285-A211-77DE71A28988}
		{33BDD428-9420-4AE0-8553-4272FCAB8CD8} = {3006122C-A413-40BE-BA08-49CE24392313}
		{A03CCB1A-944C-4D7A-BA1A-E1DAF48837ED} = {E65CADC8-48D7-49F0-BE62-CBA6C70079D8}
		{BE592EC7-B97C-43F8-A903-52DB12890903} = {E65CADC8-48D7-49F0-BE62-CBA6C70079D8}
	EndGlobalSection
	GlobalSection(ExtensibilityGlobals) = postSolution
		SolutionGuid = {4C7DAAE6-F427-4044-AAA7-E955004D1833}
	EndGlobalSection
EndGlobal
